
Microsoft Visual Studio Solution File, Format Version 12.00
# Visual Studio 15
VisualStudioVersion = 15.0.28307.1705
MinimumVisualStudioVersion = 10.0.40219.1
Project("{8BC9CEB8-8B4A-11D0-8D11-00A0C91BC942}") = "16", "16\16.vcxproj", "{D28EB249-97A2-48AE-9889-F12EDF31AC77}"
EndProject
Global
	GlobalSection(SolutionConfigurationPlatforms) = preSolution
		Debug|x64 = Debug|x64
		Debug|x86 = Debug|x86
		Release|x64 = Release|x64
		Release|x86 = Release|x86
	EndGlobalSection
	GlobalSection(ProjectConfigurationPlatforms) = postSolution
		{D28EB249-97A2-48AE-9889-F12EDF31AC77}.Debug|x64.ActiveCfg = Debug|x64
		{D28EB249-97A2-48AE-9889-F12EDF31AC77}.Debug|x64.Build.0 = Debug|x64
		{D28EB249-97A2-48AE-9889-F12EDF31AC77}.Debug|x86.ActiveCfg = Debug|Win32
		{D28EB249-97A2-48AE-9889-F12EDF31AC77}.Debug|x86.Build.0 = Debug|Win32
		{D28EB249-97A2-48AE-9889-F12EDF31AC77}.Release|x64.ActiveCfg = Release|x64
		{D28EB249-97A2-48AE-9889-F12EDF31AC77}.Release|x64.Build.0 = Release|x64
		{D28EB249-97A2-48AE-9889-F12EDF31AC77}.Release|x86.ActiveCfg = Release|Win32
		{D28EB249-97A2-48AE-9889-F12EDF31AC77}.Release|x86.Build.0 = Release|Win32
	EndGlobalSection
	GlobalSection(SolutionProperties) = preSolution
		HideSolutionNode = FALSE
	EndGlobalSection
	GlobalSection(ExtensibilityGlobals) = postSolution
		SolutionGuid = {5E428200-4568-4575-860E-D23FD1C948E8}
	EndGlobalSection
EndGlobal
